{
  "nodes": {
    "fenix": {
      "inputs": {
        "nixpkgs": [
          "nixpkgs"
        ],
        "rust-analyzer-src": "rust-analyzer-src"
      },
      "locked": {
        "lastModified": 1748327829,
        "narHash": "sha256-TJwbWCsyT9yJkBRTnqKE/YDTiXuEdYHb37WLK4TcAwE=",
        "owner": "nix-community",
        "repo": "fenix",
        "rev": "26fbcc33a5e94d6d0dc5f467eca8f7a746a54e6c",
        "type": "github"
      },
      "original": {
        "owner": "nix-community",
        "repo": "fenix",
        "type": "github"
      }
    },
    "fenix_2": {
      "inputs": {
        "nixpkgs": [
          "tee-monorepo",
          "nixpkgs"
        ],
        "rust-analyzer-src": "rust-analyzer-src_2"
      },
      "locked": {
        "lastModified": 1742452566,
        "narHash": "sha256-sVuLDQ2UIWfXUBbctzrZrXM2X05YjX08K7XHMztt36E=",
        "owner": "nix-community",
        "repo": "fenix",
        "rev": "7d9ba794daf5e8cc7ee728859bc688d8e26d5f06",
        "type": "github"
      },
      "original": {
        "owner": "nix-community",
        "repo": "fenix",
        "type": "github"
      }
    },
    "flake-utils": {
      "inputs": {
        "systems": "systems"
      },
      "locked": {
        "lastModified": 1705309234,
        "narHash": "sha256-uNRRNRKmJyCRC/8y1RqBkqWBLM034y4qN7EprSdmgyA=",
        "owner": "numtide",
        "repo": "flake-utils",
        "rev": "1ef2e671c3b0c19053962c07dbda38332dcebf26",
        "type": "github"
      },
      "original": {
        "owner": "numtide",
        "repo": "flake-utils",
        "type": "github"
      }
    },
    "flake-utils_2": {
      "inputs": {
        "systems": "systems_2"
      },
      "locked": {
        "lastModified": 1705309234,
        "narHash": "sha256-uNRRNRKmJyCRC/8y1RqBkqWBLM034y4qN7EprSdmgyA=",
        "owner": "numtide",
        "repo": "flake-utils",
        "rev": "1ef2e671c3b0c19053962c07dbda38332dcebf26",
        "type": "github"
      },
      "original": {
        "owner": "numtide",
        "repo": "flake-utils",
        "type": "github"
      }
    },
    "naersk": {
      "inputs": {
        "nixpkgs": [
          "nixpkgs"
        ]
      },
      "locked": {
        "lastModified": 1745925850,
        "narHash": "sha256-cyAAMal0aPrlb1NgzMxZqeN1mAJ2pJseDhm2m6Um8T0=",
        "owner": "nix-community",
        "repo": "naersk",
        "rev": "38bc60bbc157ae266d4a0c96671c6c742ee17a5f",
        "type": "github"
      },
      "original": {
        "owner": "nix-community",
        "repo": "naersk",
        "type": "github"
      }
    },
    "naersk_2": {
      "inputs": {
        "nixpkgs": [
          "tee-monorepo",
          "nixpkgs"
        ]
      },
      "locked": {
        "lastModified": 1742901344,
        "narHash": "sha256-o9dXcpfXpBm6+/SRqcQW0GzRkJymwyEAu5UD5LMDd3s=",
        "owner": "nix-community",
        "repo": "naersk",
        "rev": "a75c0584b0d69de943babc899530e9c70c642b42",
        "type": "github"
      },
      "original": {
        "owner": "nix-community",
        "repo": "naersk",
        "type": "github"
      }
    },
    "nitro-util": {
      "inputs": {
        "flake-utils": "flake-utils",
        "nixpkgs": [
          "nixpkgs"
        ]
      },
      "locked": {
        "lastModified": 1747844178,
        "narHash": "sha256-x5CRn8TJDX7D+feUXjzOHKVlM4bLv2vUSz087WQCnUo=",
        "owner": "monzo",
        "repo": "aws-nitro-util",
        "rev": "96f3bb204536dce32882a7e4affd6e8cea828b48",
        "type": "github"
      },
      "original": {
        "owner": "monzo",
        "repo": "aws-nitro-util",
        "type": "github"
      }
    },
    "nitro-util_2": {
      "inputs": {
        "flake-utils": "flake-utils_2",
        "nixpkgs": [
          "tee-monorepo",
          "nixpkgs"
        ]
      },
      "locked": {
        "lastModified": 1727353784,
        "narHash": "sha256-OpxNvShY8MMlFFGg1cZZsEupph+zncXgfh3SImFCjH4=",
        "owner": "monzo",
        "repo": "aws-nitro-util",
        "rev": "7d755578b0b0b9850c0d7c4738a6c8daf3ff55c0",
        "type": "github"
      },
      "original": {
        "owner": "monzo",
        "repo": "aws-nitro-util",
        "type": "github"
      }
    },
    "nixpkgs": {
      "locked": {
        "lastModified": 1748331950,
        "narHash": "sha256-uMZpO4xycuXkwRTvjX9NyqVcIczOUYTnoct5xVUmbQQ=",
        "owner": "NixOS",
        "repo": "nixpkgs",
        "rev": "8c092804de127b5617972052ea46d499fb2fd424",
        "type": "github"
      },
      "original": {
        "owner": "NixOS",
        "ref": "release-24.11",
        "repo": "nixpkgs",
        "type": "github"
      }
    },
    "root": {
      "inputs": {
        "fenix": "fenix",
        "naersk": "naersk",
        "nitro-util": "nitro-util",
        "nixpkgs": "nixpkgs",
        "tee-monorepo": "tee-monorepo"
      }
    },
    "rust-analyzer-src": {
      "flake": false,
      "locked": {
        "lastModified": 1748295258,
        "narHash": "sha256-ejRVtsT7fat4mGgDQpgIGKJP+vbr9r4Mo84jRb2bndk=",
        "owner": "rust-lang",
        "repo": "rust-analyzer",
        "rev": "7fa66d67a72bcad236b50907e14f7464c47ecede",
        "type": "github"
      },
      "original": {
        "owner": "rust-lang",
        "ref": "nightly",
        "repo": "rust-analyzer",
        "type": "github"
      }
    },
    "rust-analyzer-src_2": {
      "flake": false,
      "locked": {
        "lastModified": 1742296961,
        "narHash": "sha256-gCpvEQOrugHWLimD1wTFOJHagnSEP6VYBDspq96Idu0=",
        "owner": "rust-lang",
        "repo": "rust-analyzer",
        "rev": "15d87419f1a123d8f888d608129c3ce3ff8f13d4",
        "type": "github"
      },
      "original": {
        "owner": "rust-lang",
        "ref": "nightly",
        "repo": "rust-analyzer",
        "type": "github"
      }
    },
    "systems": {
      "locked": {
        "lastModified": 1681028828,
        "narHash": "sha256-Vy1rq5AaRuLzOxct8nz4T6wlgyUR7zLU309k9mBC768=",
        "owner": "nix-systems",
        "repo": "default",
        "rev": "da67096a3b9bf56a91d16901293e51ba5b49a27e",
        "type": "github"
      },
      "original": {
        "owner": "nix-systems",
        "repo": "default",
        "type": "github"
      }
    },
    "systems_2": {
      "locked": {
        "lastModified": 1681028828,
        "narHash": "sha256-Vy1rq5AaRuLzOxct8nz4T6wlgyUR7zLU309k9mBC768=",
        "owner": "nix-systems",
        "repo": "default",
        "rev": "da67096a3b9bf56a91d16901293e51ba5b49a27e",
        "type": "github"
      },
      "original": {
        "owner": "nix-systems",
        "repo": "default",
        "type": "github"
      }
    },
    "tee-monorepo": {
      "inputs": {
        "fenix": "fenix_2",
        "naersk": "naersk_2",
        "nitro-util": "nitro-util_2",
        "nixpkgs": [
          "nixpkgs"
        ]
      },
      "locked": {
        "lastModified": 1747829360,
        "narHash": "sha256-6589L0eL5Dbff1Sg6jc4WSfaN1BCBvO56nA7D4SiJ4Y=",
        "owner": "selfxyz",
        "repo": "tee-monorepo",
        "rev": "fe4a69093e53238513993000a12769d6eec95f95",
        "type": "github"
      },
      "original": {
        "owner": "selfxyz",
        "repo": "tee-monorepo",
        "type": "github"
      }
    }
  },
  "root": "root",
  "version": 7
}
